
Microsoft Visual Studio Solution File, Format Version 12.00
# Visual Studio 15
VisualStudioVersion = 15.0.27004.2009
MinimumVisualStudioVersion = 10.0.40219.1
Project("{FAE04EC0-301F-11D3-BF4B-00C04F79EFBC}") = "01. InverseCaptcha", "01. InverseCaptcha\01. InverseCaptcha.csproj", "{E67E2D4D-2670-45C8-8665-0B5D0C21E9EE}"
EndProject
Project("{FAE04EC0-301F-11D3-BF4B-00C04F79EFBC}") = "02.CorruptionChecksum", "02.CorruptionChecksum\02.CorruptionChecksum.csproj", "{EE92BD9B-5460-4C24-979B-CCF1AC4ECE41}"
EndProject
Project("{FAE04EC0-301F-11D3-BF4B-00C04F79EFBC}") = "03.SpiralMemory", "03.SpiralMemory\03.SpiralMemory.csproj", "{7884698F-047E-474F-91C8-110A7F271AF8}"
EndProject
Project("{FAE04EC0-301F-11D3-BF4B-00C04F79EFBC}") = "04.HighEntropyPassphrases", "04.HighEntropyPassphrases\04.HighEntropyPassphrases.csproj", "{CA2AE77E-E7D5-4F5A-9229-42321A5B14AD}"
EndProject
Project("{FAE04EC0-301F-11D3-BF4B-00C04F79EFBC}") = "05.TwistyTrampolines", "05.TwistyTrampolines\05.TwistyTrampolines.csproj", "{2558E2C7-4A4F-48E6-8642-E7505B1825F2}"
EndProject
Project("{FAE04EC0-301F-11D3-BF4B-00C04F79EFBC}") = "06.MemoryReallocation", "06.MemoryReallocation\06.MemoryReallocation.csproj", "{6199A2CC-ED07-4E82-83B5-7758C55ECAC0}"
EndProject
Global
	GlobalSection(SolutionConfigurationPlatforms) = preSolution
		Debug|Any CPU = Debug|Any CPU
		Release|Any CPU = Release|Any CPU
	EndGlobalSection
	GlobalSection(ProjectConfigurationPlatforms) = postSolution
		{E67E2D4D-2670-45C8-8665-0B5D0C21E9EE}.Debug|Any CPU.ActiveCfg = Debug|Any CPU
		{E67E2D4D-2670-45C8-8665-0B5D0C21E9EE}.Debug|Any CPU.Build.0 = Debug|Any CPU
		{E67E2D4D-2670-45C8-8665-0B5D0C21E9EE}.Release|Any CPU.ActiveCfg = Release|Any CPU
		{E67E2D4D-2670-45C8-8665-0B5D0C21E9EE}.Release|Any CPU.Build.0 = Release|Any CPU
		{EE92BD9B-5460-4C24-979B-CCF1AC4ECE41}.Debug|Any CPU.ActiveCfg = Debug|Any CPU
		{EE92BD9B-5460-4C24-979B-CCF1AC4ECE41}.Debug|Any CPU.Build.0 = Debug|Any CPU
		{EE92BD9B-5460-4C24-979B-CCF1AC4ECE41}.Release|Any CPU.ActiveCfg = Release|Any CPU
		{EE92BD9B-5460-4C24-979B-CCF1AC4ECE41}.Release|Any CPU.Build.0 = Release|Any CPU
		{7884698F-047E-474F-91C8-110A7F271AF8}.Debug|Any CPU.ActiveCfg = Debug|Any CPU
		{7884698F-047E-474F-91C8-110A7F271AF8}.Debug|Any CPU.Build.0 = Debug|Any CPU
		{7884698F-047E-474F-91C8-110A7F271AF8}.Release|Any CPU.ActiveCfg = Release|Any CPU
		{7884698F-047E-474F-91C8-110A7F271AF8}.Release|Any CPU.Build.0 = Release|Any CPU
		{CA2AE77E-E7D5-4F5A-9229-42321A5B14AD}.Debug|Any CPU.ActiveCfg = Debug|Any CPU
		{CA2AE77E-E7D5-4F5A-9229-42321A5B14AD}.Debug|Any CPU.Build.0 = Debug|Any CPU
		{CA2AE77E-E7D5-4F5A-9229-42321A5B14AD}.Release|Any CPU.ActiveCfg = Release|Any CPU
		{CA2AE77E-E7D5-4F5A-9229-42321A5B14AD}.Release|Any CPU.Build.0 = Release|Any CPU
		{2558E2C7-4A4F-48E6-8642-E7505B1825F2}.Debug|Any CPU.ActiveCfg = Debug|Any CPU
		{2558E2C7-4A4F-48E6-8642-E7505B1825F2}.Debug|Any CPU.Build.0 = Debug|Any CPU
		{2558E2C7-4A4F-48E6-8642-E7505B1825F2}.Release|Any CPU.ActiveCfg = Release|Any CPU
		{2558E2C7-4A4F-48E6-8642-E7505B1825F2}.Release|Any CPU.Build.0 = Release|Any CPU
		{6199A2CC-ED07-4E82-83B5-7758C55ECAC0}.Debug|Any CPU.ActiveCfg = Debug|Any CPU
		{6199A2CC-ED07-4E82-83B5-7758C55ECAC0}.Debug|Any CPU.Build.0 = Debug|Any CPU
		{6199A2CC-ED07-4E82-83B5-7758C55ECAC0}.Release|Any CPU.ActiveCfg = Release|Any CPU
		{6199A2CC-ED07-4E82-83B5-7758C55ECAC0}.Release|Any CPU.Build.0 = Release|Any CPU
	EndGlobalSection
	GlobalSection(SolutionProperties) = preSolution
		HideSolutionNode = FALSE
	EndGlobalSection
	GlobalSection(ExtensibilityGlobals) = postSolution
		SolutionGuid = {B73D28C7-4CFB-4631-A024-ACD75231BDDB}
	EndGlobalSection
EndGlobal
