
Microsoft Visual Studio Solution File, Format Version 12.00
# Visual Studio 15
VisualStudioVersion = 15.0.28307.168
MinimumVisualStudioVersion = 10.0.40219.1
Project("{FAE04EC0-301F-11D3-BF4B-00C04F79EFBC}") = "01.ChronalCalibration", "01.ChronalCalibration\01.ChronalCalibration.csproj", "{C1424188-8042-4492-9867-5D13DEDF644E}"
EndProject
Project("{FAE04EC0-301F-11D3-BF4B-00C04F79EFBC}") = "02.InventoryManagementSystem", "02.InventoryManagementSystem\02.InventoryManagementSystem.csproj", "{E92E3533-D031-463F-8BE1-B2E842CC8EC9}"
EndProject
Project("{FAE04EC0-301F-11D3-BF4B-00C04F79EFBC}") = "03.NoMatterHowYouSliceIt", "03.NoMatterHowYouSliceIt\03.NoMatterHowYouSliceIt.csproj", "{31FF001D-4F51-416F-9ABF-9F6C13D9825E}"
EndProject
Project("{FAE04EC0-301F-11D3-BF4B-00C04F79EFBC}") = "04.ReposeRecord", "04.ReposeRecord\04.ReposeRecord.csproj", "{8CD7E711-8243-4CCD-AD3C-38214AAFD303}"
EndProject
Project("{FAE04EC0-301F-11D3-BF4B-00C04F79EFBC}") = "05.AlchemicalReduction", "05.AlchemicalReduction\05.AlchemicalReduction.csproj", "{67732716-9484-40D9-9251-19AF2171960C}"
EndProject
Global
	GlobalSection(SolutionConfigurationPlatforms) = preSolution
		Debug|Any CPU = Debug|Any CPU
		Release|Any CPU = Release|Any CPU
	EndGlobalSection
	GlobalSection(ProjectConfigurationPlatforms) = postSolution
		{C1424188-8042-4492-9867-5D13DEDF644E}.Debug|Any CPU.ActiveCfg = Debug|Any CPU
		{C1424188-8042-4492-9867-5D13DEDF644E}.Debug|Any CPU.Build.0 = Debug|Any CPU
		{C1424188-8042-4492-9867-5D13DEDF644E}.Release|Any CPU.ActiveCfg = Release|Any CPU
		{C1424188-8042-4492-9867-5D13DEDF644E}.Release|Any CPU.Build.0 = Release|Any CPU
		{E92E3533-D031-463F-8BE1-B2E842CC8EC9}.Debug|Any CPU.ActiveCfg = Debug|Any CPU
		{E92E3533-D031-463F-8BE1-B2E842CC8EC9}.Debug|Any CPU.Build.0 = Debug|Any CPU
		{E92E3533-D031-463F-8BE1-B2E842CC8EC9}.Release|Any CPU.ActiveCfg = Release|Any CPU
		{E92E3533-D031-463F-8BE1-B2E842CC8EC9}.Release|Any CPU.Build.0 = Release|Any CPU
		{31FF001D-4F51-416F-9ABF-9F6C13D9825E}.Debug|Any CPU.ActiveCfg = Debug|Any CPU
		{31FF001D-4F51-416F-9ABF-9F6C13D9825E}.Debug|Any CPU.Build.0 = Debug|Any CPU
		{31FF001D-4F51-416F-9ABF-9F6C13D9825E}.Release|Any CPU.ActiveCfg = Release|Any CPU
		{31FF001D-4F51-416F-9ABF-9F6C13D9825E}.Release|Any CPU.Build.0 = Release|Any CPU
		{8CD7E711-8243-4CCD-AD3C-38214AAFD303}.Debug|Any CPU.ActiveCfg = Debug|Any CPU
		{8CD7E711-8243-4CCD-AD3C-38214AAFD303}.Debug|Any CPU.Build.0 = Debug|Any CPU
		{8CD7E711-8243-4CCD-AD3C-38214AAFD303}.Release|Any CPU.ActiveCfg = Release|Any CPU
		{8CD7E711-8243-4CCD-AD3C-38214AAFD303}.Release|Any CPU.Build.0 = Release|Any CPU
		{67732716-9484-40D9-9251-19AF2171960C}.Debug|Any CPU.ActiveCfg = Debug|Any CPU
		{67732716-9484-40D9-9251-19AF2171960C}.Debug|Any CPU.Build.0 = Debug|Any CPU
		{67732716-9484-40D9-9251-19AF2171960C}.Release|Any CPU.ActiveCfg = Release|Any CPU
		{67732716-9484-40D9-9251-19AF2171960C}.Release|Any CPU.Build.0 = Release|Any CPU
	EndGlobalSection
	GlobalSection(SolutionProperties) = preSolution
		HideSolutionNode = FALSE
	EndGlobalSection
	GlobalSection(ExtensibilityGlobals) = postSolution
		SolutionGuid = {DEB553F1-2EE0-4EED-B429-67046806D2D8}
	EndGlobalSection
EndGlobal
